<?xml version="1.0" encoding="utf-8"?>
<Project ToolsVersion="4.0" xmlns="http://schemas.microsoft.com/developer/msbuild/2003">
  <ItemGroup>
    <ClCompile Include="src\testApp.cpp">
      <Filter>src</Filter>
    </ClCompile>
    <ClCompile Include="src\main.cpp">
      <Filter>src</Filter>
    </ClCompile>
    <ClCompile Include="src\Interfaces.cpp">
      <Filter>src</Filter>
    </ClCompile>
    <ClCompile Include="src\main.cpp">
      <Filter>src</Filter>
    </ClCompile>
    <ClCompile Include="src\MySQLConn.cpp">
      <Filter>src</Filter>
    </ClCompile>
    <ClCompile Include="src\RecordFlac.cpp">
      <Filter>src</Filter>
    </ClCompile>
    <ClCompile Include="src\testApp.cpp">
      <Filter>src</Filter>
    </ClCompile>
    <ClCompile Include="..\..\..\addons\ofxXmlSettings\src\ofxXmlSettings.cpp">
      <Filter>addons\ofxXmlSettings\src</Filter>
    </ClCompile>
    <ClCompile Include="..\..\..\addons\ofxXmlSettings\libs\tinyxml.cpp">
      <Filter>addons\ofxXmlSettings\libs</Filter>
    </ClCompile>
    <ClCompile Include="..\..\..\addons\ofxXmlSettings\libs\tinyxmlerror.cpp">
      <Filter>addons\ofxXmlSettings\libs</Filter>
    </ClCompile>
    <ClCompile Include="..\..\..\addons\ofxXmlSettings\libs\tinyxmlparser.cpp">
      <Filter>addons\ofxXmlSettings\libs</Filter>
    </ClCompile>
    <ClCompile Include="..\..\..\addons\ofxBox2dVanderlin\src\ofxBox2d.cpp">
      <Filter>addons\ofxBox2dVanderlin\src</Filter>
    </ClCompile>
    <ClCompile Include="..\..\..\addons\ofxBox2dVanderlin\src\ofxBox2dBaseShape.cpp">
      <Filter>addons\ofxBox2dVanderlin\src</Filter>
    </ClCompile>
    <ClCompile Include="..\..\..\addons\ofxBox2dVanderlin\src\ofxBox2dCircle.cpp">
      <Filter>addons\ofxBox2dVanderlin\src</Filter>
    </ClCompile>
    <ClCompile Include="..\..\..\addons\ofxBox2dVanderlin\src\ofxBox2dJoint.cpp">
      <Filter>addons\ofxBox2dVanderlin\src</Filter>
    </ClCompile>
    <ClCompile Include="..\..\..\addons\ofxBox2dVanderlin\src\ofxBox2dPolygon.cpp">
      <Filter>addons\ofxBox2dVanderlin\src</Filter>
    </ClCompile>
    <ClCompile Include="..\..\..\addons\ofxBox2dVanderlin\src\ofxBox2dRect.cpp">
      <Filter>addons\ofxBox2dVanderlin\src</Filter>
    </ClCompile>
    <ClCompile Include="..\..\..\addons\ofxBox2dVanderlin\libs\Box2D\Collision\b2BroadPhase.cpp">
      <Filter>addons\ofxBox2dVanderlin\libs\Box2D\Collision</Filter>
    </ClCompile>
    <ClCompile Include="..\..\..\addons\ofxBox2dVanderlin\libs\Box2D\Collision\b2CollideCircle.cpp">
      <Filter>addons\ofxBox2dVanderlin\libs\Box2D\Collision</Filter>
    </ClCompile>
    <ClCompile Include="..\..\..\addons\ofxBox2dVanderlin\libs\Box2D\Collision\b2CollidePolygon.cpp">
      <Filter>addons\ofxBox2dVanderlin\libs\Box2D\Collision</Filter>
    </ClCompile>
    <ClCompile Include="..\..\..\addons\ofxBox2dVanderlin\libs\Box2D\Collision\b2Collision.cpp">
      <Filter>addons\ofxBox2dVanderlin\libs\Box2D\Collision</Filter>
    </ClCompile>
    <ClCompile Include="..\..\..\addons\ofxBox2dVanderlin\libs\Box2D\Collision\b2Distance.cpp">
      <Filter>addons\ofxBox2dVanderlin\libs\Box2D\Collision</Filter>
    </ClCompile>
    <ClCompile Include="..\..\..\addons\ofxBox2dVanderlin\libs\Box2D\Collision\b2DynamicTree.cpp">
      <Filter>addons\ofxBox2dVanderlin\libs\Box2D\Collision</Filter>
    </ClCompile>
    <ClCompile Include="..\..\..\addons\ofxBox2dVanderlin\libs\Box2D\Collision\b2TimeOfImpact.cpp">
      <Filter>addons\ofxBox2dVanderlin\libs\Box2D\Collision</Filter>
    </ClCompile>
    <ClCompile Include="..\..\..\addons\ofxBox2dVanderlin\libs\Box2D\Collision\Shapes\b2CircleShape.cpp">
      <Filter>addons\ofxBox2dVanderlin\libs\Box2D\Collision\Shapes</Filter>
    </ClCompile>
    <ClCompile Include="..\..\..\addons\ofxBox2dVanderlin\libs\Box2D\Collision\Shapes\b2PolygonShape.cpp">
      <Filter>addons\ofxBox2dVanderlin\libs\Box2D\Collision\Shapes</Filter>
    </ClCompile>
    <ClCompile Include="..\..\..\addons\ofxBox2dVanderlin\libs\Box2D\Common\b2BlockAllocator.cpp">
      <Filter>addons\ofxBox2dVanderlin\libs\Box2D\Common</Filter>
    </ClCompile>
    <ClCompile Include="..\..\..\addons\ofxBox2dVanderlin\libs\Box2D\Common\b2Math.cpp">
      <Filter>addons\ofxBox2dVanderlin\libs\Box2D\Common</Filter>
    </ClCompile>
    <ClCompile Include="..\..\..\addons\ofxBox2dVanderlin\libs\Box2D\Common\b2Settings.cpp">
      <Filter>addons\ofxBox2dVanderlin\libs\Box2D\Common</Filter>
    </ClCompile>
    <ClCompile Include="..\..\..\addons\ofxBox2dVanderlin\libs\Box2D\Common\b2StackAllocator.cpp">
      <Filter>addons\ofxBox2dVanderlin\libs\Box2D\Common</Filter>
    </ClCompile>
    <ClCompile Include="..\..\..\addons\ofxBox2dVanderlin\libs\Box2D\Dynamics\b2Body.cpp">
      <Filter>addons\ofxBox2dVanderlin\libs\Box2D\Dynamics</Filter>
    </ClCompile>
    <ClCompile Include="..\..\..\addons\ofxBox2dVanderlin\libs\Box2D\Dynamics\b2ContactManager.cpp">
      <Filter>addons\ofxBox2dVanderlin\libs\Box2D\Dynamics</Filter>
    </ClCompile>
    <ClCompile Include="..\..\..\addons\ofxBox2dVanderlin\libs\Box2D\Dynamics\b2Fixture.cpp">
      <Filter>addons\ofxBox2dVanderlin\libs\Box2D\Dynamics</Filter>
    </ClCompile>
    <ClCompile Include="..\..\..\addons\ofxBox2dVanderlin\libs\Box2D\Dynamics\b2Island.cpp">
      <Filter>addons\ofxBox2dVanderlin\libs\Box2D\Dynamics</Filter>
    </ClCompile>
    <ClCompile Include="..\..\..\addons\ofxBox2dVanderlin\libs\Box2D\Dynamics\b2World.cpp">
      <Filter>addons\ofxBox2dVanderlin\libs\Box2D\Dynamics</Filter>
    </ClCompile>
    <ClCompile Include="..\..\..\addons\ofxBox2dVanderlin\libs\Box2D\Dynamics\b2WorldCallbacks.cpp">
      <Filter>addons\ofxBox2dVanderlin\libs\Box2D\Dynamics</Filter>
    </ClCompile>
    <ClCompile Include="..\..\..\addons\ofxBox2dVanderlin\libs\Box2D\Dynamics\Contacts\b2CircleContact.cpp">
      <Filter>addons\ofxBox2dVanderlin\libs\Box2D\Dynamics\Contacts</Filter>
    </ClCompile>
    <ClCompile Include="..\..\..\addons\ofxBox2dVanderlin\libs\Box2D\Dynamics\Contacts\b2Contact.cpp">
      <Filter>addons\ofxBox2dVanderlin\libs\Box2D\Dynamics\Contacts</Filter>
    </ClCompile>
    <ClCompile Include="..\..\..\addons\ofxBox2dVanderlin\libs\Box2D\Dynamics\Contacts\b2ContactSolver.cpp">
      <Filter>addons\ofxBox2dVanderlin\libs\Box2D\Dynamics\Contacts</Filter>
    </ClCompile>
    <ClCompile Include="..\..\..\addons\ofxBox2dVanderlin\libs\Box2D\Dynamics\Contacts\b2PolygonAndCircleContact.cpp">
      <Filter>addons\ofxBox2dVanderlin\libs\Box2D\Dynamics\Contacts</Filter>
    </ClCompile>
    <ClCompile Include="..\..\..\addons\ofxBox2dVanderlin\libs\Box2D\Dynamics\Contacts\b2PolygonContact.cpp">
      <Filter>addons\ofxBox2dVanderlin\libs\Box2D\Dynamics\Contacts</Filter>
    </ClCompile>
    <ClCompile Include="..\..\..\addons\ofxBox2dVanderlin\libs\Box2D\Dynamics\Contacts\b2TOISolver.cpp">
      <Filter>addons\ofxBox2dVanderlin\libs\Box2D\Dynamics\Contacts</Filter>
    </ClCompile>
    <ClCompile Include="..\..\..\addons\ofxBox2dVanderlin\libs\Box2D\Dynamics\Joints\b2DistanceJoint.cpp">
      <Filter>addons\ofxBox2dVanderlin\libs\Box2D\Dynamics\Joints</Filter>
    </ClCompile>
    <ClCompile Include="..\..\..\addons\ofxBox2dVanderlin\libs\Box2D\Dynamics\Joints\b2FrictionJoint.cpp">
      <Filter>addons\ofxBox2dVanderlin\libs\Box2D\Dynamics\Joints</Filter>
    </ClCompile>
    <ClCompile Include="..\..\..\addons\ofxBox2dVanderlin\libs\Box2D\Dynamics\Joints\b2GearJoint.cpp">
      <Filter>addons\ofxBox2dVanderlin\libs\Box2D\Dynamics\Joints</Filter>
    </ClCompile>
    <ClCompile Include="..\..\..\addons\ofxBox2dVanderlin\libs\Box2D\Dynamics\Joints\b2Joint.cpp">
      <Filter>addons\ofxBox2dVanderlin\libs\Box2D\Dynamics\Joints</Filter>
    </ClCompile>
    <ClCompile Include="..\..\..\addons\ofxBox2dVanderlin\libs\Box2D\Dynamics\Joints\b2LineJoint.cpp">
      <Filter>addons\ofxBox2dVanderlin\libs\Box2D\Dynamics\Joints</Filter>
    </ClCompile>
    <ClCompile Include="..\..\..\addons\ofxBox2dVanderlin\libs\Box2D\Dynamics\Joints\b2MouseJoint.cpp">
      <Filter>addons\ofxBox2dVanderlin\libs\Box2D\Dynamics\Joints</Filter>
    </ClCompile>
    <ClCompile Include="..\..\..\addons\ofxBox2dVanderlin\libs\Box2D\Dynamics\Joints\b2PrismaticJoint.cpp">
      <Filter>addons\ofxBox2dVanderlin\libs\Box2D\Dynamics\Joints</Filter>
    </ClCompile>
    <ClCompile Include="..\..\..\addons\ofxBox2dVanderlin\libs\Box2D\Dynamics\Joints\b2PulleyJoint.cpp">
      <Filter>addons\ofxBox2dVanderlin\libs\Box2D\Dynamics\Joints</Filter>
    </ClCompile>
    <ClCompile Include="..\..\..\addons\ofxBox2dVanderlin\libs\Box2D\Dynamics\Joints\b2RevoluteJoint.cpp">
      <Filter>addons\ofxBox2dVanderlin\libs\Box2D\Dynamics\Joints</Filter>
    </ClCompile>
    <ClCompile Include="..\..\..\addons\ofxBox2dVanderlin\libs\Box2D\Dynamics\Joints\b2WeldJoint.cpp">
      <Filter>addons\ofxBox2dVanderlin\libs\Box2D\Dynamics\Joints</Filter>
    </ClCompile>
    <ClCompile Include="..\..\..\addons\ofxBox2dVanderlin\libs\triangle\del_impl.cpp">
      <Filter>addons\ofxBox2dVanderlin\libs\triangle</Filter>
    </ClCompile>
    <ClCompile Include="..\..\..\addons\ofxJSON\src\ofxJSONElement.cpp">
      <Filter>addons\ofxJSON\src</Filter>
    </ClCompile>
    <ClCompile Include="..\..\..\addons\ofxJSON\libs\jsoncpp\src\json_reader.cpp">
      <Filter>addons\ofxJSON\libs\jsoncpp\src</Filter>
    </ClCompile>
    <ClCompile Include="..\..\..\addons\ofxJSON\libs\jsoncpp\src\json_value.cpp">
      <Filter>addons\ofxJSON\libs\jsoncpp\src</Filter>
    </ClCompile>
    <ClCompile Include="..\..\..\addons\ofxJSON\libs\jsoncpp\src\json_writer.cpp">
      <Filter>addons\ofxJSON\libs\jsoncpp\src</Filter>
    </ClCompile>
    <ClCompile Include="..\..\..\addons\ofxMessageBox\src\EaseRectBox.cpp">
      <Filter>addons\ofxMessageBox\src</Filter>
    </ClCompile>
    <ClCompile Include="..\..\..\addons\ofxMessageBox\src\ofxMessageBox.cpp">
      <Filter>addons\ofxMessageBox\src</Filter>
    </ClCompile>
    <ClCompile Include="..\..\..\addons\ofxSpine\src\ofxSkeleton.cpp">
      <Filter>addons\ofxSpine\src</Filter>
    </ClCompile>
    <ClCompile Include="..\..\..\addons\ofxSpine\src\ofxSpine.cpp">
      <Filter>addons\ofxSpine\src</Filter>
    </ClCompile>
    <ClCompile Include="..\..\..\addons\ofxSpine\libs\spine-c\src\Animation.c">
      <Filter>addons\ofxSpine\libs\spine-c\src</Filter>
    </ClCompile>
    <ClCompile Include="..\..\..\addons\ofxSpine\libs\spine-c\src\AnimationState.c">
      <Filter>addons\ofxSpine\libs\spine-c\src</Filter>
    </ClCompile>
    <ClCompile Include="..\..\..\addons\ofxSpine\libs\spine-c\src\AnimationStateData.c">
      <Filter>addons\ofxSpine\libs\spine-c\src</Filter>
    </ClCompile>
    <ClCompile Include="..\..\..\addons\ofxSpine\libs\spine-c\src\Atlas.c">
      <Filter>addons\ofxSpine\libs\spine-c\src</Filter>
    </ClCompile>
    <ClCompile Include="..\..\..\addons\ofxSpine\libs\spine-c\src\AtlasAttachmentLoader.c">
      <Filter>addons\ofxSpine\libs\spine-c\src</Filter>
    </ClCompile>
    <ClCompile Include="..\..\..\addons\ofxSpine\libs\spine-c\src\Attachment.c">
      <Filter>addons\ofxSpine\libs\spine-c\src</Filter>
    </ClCompile>
    <ClCompile Include="..\..\..\addons\ofxSpine\libs\spine-c\src\AttachmentLoader.c">
      <Filter>addons\ofxSpine\libs\spine-c\src</Filter>
    </ClCompile>
    <ClCompile Include="..\..\..\addons\ofxSpine\libs\spine-c\src\Bone.c">
      <Filter>addons\ofxSpine\libs\spine-c\src</Filter>
    </ClCompile>
    <ClCompile Include="..\..\..\addons\ofxSpine\libs\spine-c\src\BoneData.c">
      <Filter>addons\ofxSpine\libs\spine-c\src</Filter>
    </ClCompile>
    <ClCompile Include="..\..\..\addons\ofxSpine\libs\spine-c\src\extension.c">
      <Filter>addons\ofxSpine\libs\spine-c\src</Filter>
    </ClCompile>
    <ClCompile Include="..\..\..\addons\ofxSpine\libs\spine-c\src\Json.c">
      <Filter>addons\ofxSpine\libs\spine-c\src</Filter>
    </ClCompile>
    <ClCompile Include="..\..\..\addons\ofxSpine\libs\spine-c\src\RegionAttachment.c">
      <Filter>addons\ofxSpine\libs\spine-c\src</Filter>
    </ClCompile>
    <ClCompile Include="..\..\..\addons\ofxSpine\libs\spine-c\src\Skeleton.c">
      <Filter>addons\ofxSpine\libs\spine-c\src</Filter>
    </ClCompile>
    <ClCompile Include="..\..\..\addons\ofxSpine\libs\spine-c\src\SkeletonData.c">
      <Filter>addons\ofxSpine\libs\spine-c\src</Filter>
    </ClCompile>
    <ClCompile Include="..\..\..\addons\ofxSpine\libs\spine-c\src\SkeletonJson.c">
      <Filter>addons\ofxSpine\libs\spine-c\src</Filter>
    </ClCompile>
    <ClCompile Include="..\..\..\addons\ofxSpine\libs\spine-c\src\Skin.c">
      <Filter>addons\ofxSpine\libs\spine-c\src</Filter>
    </ClCompile>
    <ClCompile Include="..\..\..\addons\ofxSpine\libs\spine-c\src\Slot.c">
      <Filter>addons\ofxSpine\libs\spine-c\src</Filter>
    </ClCompile>
    <ClCompile Include="..\..\..\addons\ofxSpine\libs\spine-c\src\SlotData.c">
      <Filter>addons\ofxSpine\libs\spine-c\src</Filter>
    </ClCompile>
    <ClCompile Include="src\Player.cpp">
      <Filter>src</Filter>
    </ClCompile>
  </ItemGroup>
  <ItemGroup>
    <Filter Include="src">
      <UniqueIdentifier>{d8376475-7454-4a24-b08a-aac121d3ad6f}</UniqueIdentifier>
    </Filter>
    <Filter Include="addons">
      <UniqueIdentifier>{71834F65-F3A9-211E-73B8-DC85}</UniqueIdentifier>
    </Filter>
    <Filter Include="addons\ofxXmlSettings">
      <UniqueIdentifier>{877F005D-13E6-0592-1D97-F2E3}</UniqueIdentifier>
    </Filter>
    <Filter Include="addons\ofxXmlSettings\src">
      <UniqueIdentifier>{CCB2AC63-49D2-977C-CFE8-AEAD}</UniqueIdentifier>
    </Filter>
    <Filter Include="addons\ofxXmlSettings\libs">
      <UniqueIdentifier>{687714A8-1662-FA1C-261F-50F0}</UniqueIdentifier>
    </Filter>
    <Filter Include="addons\ofxBox2dVanderlin">
      <UniqueIdentifier>{FAD195F4-F661-7D83-A4EB-8174}</UniqueIdentifier>
    </Filter>
    <Filter Include="addons\ofxBox2dVanderlin\src">
      <UniqueIdentifier>{D45DCDE1-58B4-31B2-F6E2-A1A0}</UniqueIdentifier>
    </Filter>
    <Filter Include="addons\ofxBox2dVanderlin\libs">
      <UniqueIdentifier>{700F7DF5-83BB-6E4A-0E59-1F29}</UniqueIdentifier>
    </Filter>
    <Filter Include="addons\ofxBox2dVanderlin\libs\Box2D">
      <UniqueIdentifier>{CA1FF914-B9D9-B3F0-0A1D-D884}</UniqueIdentifier>
    </Filter>
    <Filter Include="addons\ofxBox2dVanderlin\libs\Box2D\Collision">
      <UniqueIdentifier>{C17A2DD2-1F04-70C1-9118-E27F}</UniqueIdentifier>
    </Filter>
    <Filter Include="addons\ofxBox2dVanderlin\libs\Box2D\Collision\Shapes">
      <UniqueIdentifier>{694682DA-7B80-A5E8-7F3A-8B8B}</UniqueIdentifier>
    </Filter>
    <Filter Include="addons\ofxBox2dVanderlin\libs\Box2D\Common">
      <UniqueIdentifier>{CB4F2F33-508D-CC57-F645-8660}</UniqueIdentifier>
    </Filter>
    <Filter Include="addons\ofxBox2dVanderlin\libs\Box2D\Dynamics">
      <UniqueIdentifier>{BE8D3781-0B63-95CE-60DC-0DFB}</UniqueIdentifier>
    </Filter>
    <Filter Include="addons\ofxBox2dVanderlin\libs\Box2D\Dynamics\Contacts">
      <UniqueIdentifier>{8B92547C-B9EF-5227-7861-AD6C}</UniqueIdentifier>
    </Filter>
    <Filter Include="addons\ofxBox2dVanderlin\libs\Box2D\Dynamics\Joints">
      <UniqueIdentifier>{2C84843E-46E1-C75C-3951-2E46}</UniqueIdentifier>
    </Filter>
    <Filter Include="addons\ofxBox2dVanderlin\libs\triangle">
      <UniqueIdentifier>{ABF24ABF-2585-FE1D-9AC0-CEF6}</UniqueIdentifier>
    </Filter>
    <Filter Include="addons\ofxcURL">
      <UniqueIdentifier>{0E00FCEA-B287-7124-6230-E9F5}</UniqueIdentifier>
    </Filter>
    <Filter Include="addons\ofxcURL\libs">
      <UniqueIdentifier>{DEAE5B43-D529-4D92-60DF-BDFB}</UniqueIdentifier>
    </Filter>
    <Filter Include="addons\ofxcURL\libs\include">
      <UniqueIdentifier>{6BF87093-23E8-E319-17DF-2425}</UniqueIdentifier>
    </Filter>
    <Filter Include="addons\ofxcURL\libs\include\curl">
      <UniqueIdentifier>{ECCAD613-A825-FE42-00CF-E81A}</UniqueIdentifier>
    </Filter>
    <Filter Include="addons\ofxJSON">
      <UniqueIdentifier>{CF86E01B-D8D7-A112-88F3-5883}</UniqueIdentifier>
    </Filter>
    <Filter Include="addons\ofxJSON\src">
      <UniqueIdentifier>{CE83AFE9-FE4A-682E-D5C9-50B4}</UniqueIdentifier>
    </Filter>
    <Filter Include="addons\ofxJSON\libs">
      <UniqueIdentifier>{5302B3F8-ECDD-0465-334A-F39E}</UniqueIdentifier>
    </Filter>
    <Filter Include="addons\ofxJSON\libs\jsoncpp">
      <UniqueIdentifier>{87D6C548-39D9-FD9F-093E-9F4E}</UniqueIdentifier>
    </Filter>
    <Filter Include="addons\ofxJSON\libs\jsoncpp\include">
      <UniqueIdentifier>{0B6CA981-484E-6E8C-776C-7298}</UniqueIdentifier>
    </Filter>
    <Filter Include="addons\ofxJSON\libs\jsoncpp\include\json">
      <UniqueIdentifier>{5FF260B2-1497-3EFE-19D5-40DB}</UniqueIdentifier>
    </Filter>
    <Filter Include="addons\ofxJSON\libs\jsoncpp\src">
      <UniqueIdentifier>{6D569A5B-6719-AEFD-C08E-5CE5}</UniqueIdentifier>
    </Filter>
    <Filter Include="addons\ofxLibsndfile">
      <UniqueIdentifier>{BE698F77-824B-0B85-784F-1506}</UniqueIdentifier>
    </Filter>
    <Filter Include="addons\ofxLibsndfile\libs">
      <UniqueIdentifier>{A649DB51-41A1-7D24-9091-C9D8}</UniqueIdentifier>
    </Filter>
    <Filter Include="addons\ofxLibsndfile\libs\include">
      <UniqueIdentifier>{155139D0-84CA-D5F2-FD1D-E5BA}</UniqueIdentifier>
    </Filter>
    <Filter Include="addons\ofxMessageBox">
      <UniqueIdentifier>{0B2F4CE4-8ABB-A143-7059-16FA}</UniqueIdentifier>
    </Filter>
    <Filter Include="addons\ofxMessageBox\src">
      <UniqueIdentifier>{87D034A3-65EA-8057-C26B-8AB2}</UniqueIdentifier>
    </Filter>
    <Filter Include="addons\ofxMySQLConn">
      <UniqueIdentifier>{F62F36C2-27F8-2589-D1C3-9E7B}</UniqueIdentifier>
    </Filter>
    <Filter Include="addons\ofxMySQLConn\libs">
      <UniqueIdentifier>{D1E771FD-1A24-206B-068D-F24E}</UniqueIdentifier>
    </Filter>
    <Filter Include="addons\ofxMySQLConn\libs\include">
      <UniqueIdentifier>{47C59A02-1CDD-14BF-CA9F-F447}</UniqueIdentifier>
    </Filter>
    <Filter Include="addons\ofxMySQLConn\libs\include\cppconn">
      <UniqueIdentifier>{E43948B4-0ECA-1669-5A6C-60C3}</UniqueIdentifier>
    </Filter>
    <Filter Include="addons\ofxUI">
      <UniqueIdentifier>{B492C5B0-FF91-9C5A-638A-3142}</UniqueIdentifier>
    </Filter>
    <Filter Include="addons\ofxUI\src">
      <UniqueIdentifier>{A00C2D23-6C11-BC86-3993-2CF0}</UniqueIdentifier>
    </Filter>
    <Filter Include="addons\ofxSpine">
      <UniqueIdentifier>{322b4fa8-ba7f-484d-877c-613717569803}</UniqueIdentifier>
    </Filter>
    <Filter Include="addons\ofxSpine\libs">
      <UniqueIdentifier>{6cfdd22e-f980-4a7a-9f55-6072eabb0271}</UniqueIdentifier>
    </Filter>
    <Filter Include="addons\ofxSpine\libs\spine-c">
      <UniqueIdentifier>{f01f1300-0506-4aa4-a895-f59d6ea3c244}</UniqueIdentifier>
    </Filter>
    <Filter Include="addons\ofxSpine\src">
      <UniqueIdentifier>{ef10cf2e-e0cf-4d5a-8c82-f7ff78eefa47}</UniqueIdentifier>
    </Filter>
    <Filter Include="addons\ofxSpine\libs\spine-c\include">
      <UniqueIdentifier>{4009a007-513f-494f-9ac4-592fab7745bf}</UniqueIdentifier>
    </Filter>
    <Filter Include="addons\ofxSpine\libs\spine-c\src">
      <UniqueIdentifier>{0a6325dc-3c90-4431-a200-b24ff2c7840e}</UniqueIdentifier>
    </Filter>
    <Filter Include="addons\ofxSpine\libs\spine-c\include\spine">
      <UniqueIdentifier>{eb8b576d-cbc5-4f4a-9eb2-895963383a3f}</UniqueIdentifier>
    </Filter>
  </ItemGroup>
  <ItemGroup>
    <ClInclude Include="src\testApp.h">
      <Filter>src</Filter>
    </ClInclude>
    <ClInclude Include="src\Interfaces.h">
      <Filter>src</Filter>
    </ClInclude>
    <ClInclude Include="src\MySQLConn.h">
      <Filter>src</Filter>
    </ClInclude>
    <ClInclude Include="src\MyThread.h">
      <Filter>src</Filter>
    </ClInclude>
    <ClInclude Include="src\RecordFlac.h">
      <Filter>src</Filter>
    </ClInclude>
    <ClInclude Include="src\testApp.h">
      <Filter>src</Filter>
    </ClInclude>
    <ClInclude Include="..\..\..\addons\ofxXmlSettings\src\ofxXmlSettings.h">
      <Filter>addons\ofxXmlSettings\src</Filter>
    </ClInclude>
    <ClInclude Include="..\..\..\addons\ofxXmlSettings\libs\tinyxml.h">
      <Filter>addons\ofxXmlSettings\libs</Filter>
    </ClInclude>
    <ClInclude Include="..\..\..\addons\ofxBox2dVanderlin\src\ofxBox2d.h">
      <Filter>addons\ofxBox2dVanderlin\src</Filter>
    </ClInclude>
    <ClInclude Include="..\..\..\addons\ofxBox2dVanderlin\src\ofxBox2dBaseShape.h">
      <Filter>addons\ofxBox2dVanderlin\src</Filter>
    </ClInclude>
    <ClInclude Include="..\..\..\addons\ofxBox2dVanderlin\src\ofxBox2dCircle.h">
      <Filter>addons\ofxBox2dVanderlin\src</Filter>
    </ClInclude>
    <ClInclude Include="..\..\..\addons\ofxBox2dVanderlin\src\ofxBox2dContactListener.h">
      <Filter>addons\ofxBox2dVanderlin\src</Filter>
    </ClInclude>
    <ClInclude Include="..\..\..\addons\ofxBox2dVanderlin\src\ofxBox2dJoint.h">
      <Filter>addons\ofxBox2dVanderlin\src</Filter>
    </ClInclude>
    <ClInclude Include="..\..\..\addons\ofxBox2dVanderlin\src\ofxBox2dPolygon.h">
      <Filter>addons\ofxBox2dVanderlin\src</Filter>
    </ClInclude>
    <ClInclude Include="..\..\..\addons\ofxBox2dVanderlin\src\ofxBox2dPolygonUtils.h">
      <Filter>addons\ofxBox2dVanderlin\src</Filter>
    </ClInclude>
    <ClInclude Include="..\..\..\addons\ofxBox2dVanderlin\src\ofxBox2dRect.h">
      <Filter>addons\ofxBox2dVanderlin\src</Filter>
    </ClInclude>
    <ClInclude Include="..\..\..\addons\ofxBox2dVanderlin\src\ofxBox2dRender.h">
      <Filter>addons\ofxBox2dVanderlin\src</Filter>
    </ClInclude>
    <ClInclude Include="..\..\..\addons\ofxBox2dVanderlin\src\ofxBox2dUtils.h">
      <Filter>addons\ofxBox2dVanderlin\src</Filter>
    </ClInclude>
    <ClInclude Include="..\..\..\addons\ofxBox2dVanderlin\libs\Box2D\Box2D.h">
      <Filter>addons\ofxBox2dVanderlin\libs\Box2D</Filter>
    </ClInclude>
    <ClInclude Include="..\..\..\addons\ofxBox2dVanderlin\libs\Box2D\Collision\b2BroadPhase.h">
      <Filter>addons\ofxBox2dVanderlin\libs\Box2D\Collision</Filter>
    </ClInclude>
    <ClInclude Include="..\..\..\addons\ofxBox2dVanderlin\libs\Box2D\Collision\b2Collision.h">
      <Filter>addons\ofxBox2dVanderlin\libs\Box2D\Collision</Filter>
    </ClInclude>
    <ClInclude Include="..\..\..\addons\ofxBox2dVanderlin\libs\Box2D\Collision\b2Distance.h">
      <Filter>addons\ofxBox2dVanderlin\libs\Box2D\Collision</Filter>
    </ClInclude>
    <ClInclude Include="..\..\..\addons\ofxBox2dVanderlin\libs\Box2D\Collision\b2DynamicTree.h">
      <Filter>addons\ofxBox2dVanderlin\libs\Box2D\Collision</Filter>
    </ClInclude>
    <ClInclude Include="..\..\..\addons\ofxBox2dVanderlin\libs\Box2D\Collision\b2TimeOfImpact.h">
      <Filter>addons\ofxBox2dVanderlin\libs\Box2D\Collision</Filter>
    </ClInclude>
    <ClInclude Include="..\..\..\addons\ofxBox2dVanderlin\libs\Box2D\Collision\Shapes\b2CircleShape.h">
      <Filter>addons\ofxBox2dVanderlin\libs\Box2D\Collision\Shapes</Filter>
    </ClInclude>
    <ClInclude Include="..\..\..\addons\ofxBox2dVanderlin\libs\Box2D\Collision\Shapes\b2PolygonShape.h">
      <Filter>addons\ofxBox2dVanderlin\libs\Box2D\Collision\Shapes</Filter>
    </ClInclude>
    <ClInclude Include="..\..\..\addons\ofxBox2dVanderlin\libs\Box2D\Collision\Shapes\b2Shape.h">
      <Filter>addons\ofxBox2dVanderlin\libs\Box2D\Collision\Shapes</Filter>
    </ClInclude>
    <ClInclude Include="..\..\..\addons\ofxBox2dVanderlin\libs\Box2D\Common\b2BlockAllocator.h">
      <Filter>addons\ofxBox2dVanderlin\libs\Box2D\Common</Filter>
    </ClInclude>
    <ClInclude Include="..\..\..\addons\ofxBox2dVanderlin\libs\Box2D\Common\b2Math.h">
      <Filter>addons\ofxBox2dVanderlin\libs\Box2D\Common</Filter>
    </ClInclude>
    <ClInclude Include="..\..\..\addons\ofxBox2dVanderlin\libs\Box2D\Common\b2Settings.h">
      <Filter>addons\ofxBox2dVanderlin\libs\Box2D\Common</Filter>
    </ClInclude>
    <ClInclude Include="..\..\..\addons\ofxBox2dVanderlin\libs\Box2D\Common\b2StackAllocator.h">
      <Filter>addons\ofxBox2dVanderlin\libs\Box2D\Common</Filter>
    </ClInclude>
    <ClInclude Include="..\..\..\addons\ofxBox2dVanderlin\libs\Box2D\Dynamics\b2Body.h">
      <Filter>addons\ofxBox2dVanderlin\libs\Box2D\Dynamics</Filter>
    </ClInclude>
    <ClInclude Include="..\..\..\addons\ofxBox2dVanderlin\libs\Box2D\Dynamics\b2ContactManager.h">
      <Filter>addons\ofxBox2dVanderlin\libs\Box2D\Dynamics</Filter>
    </ClInclude>
    <ClInclude Include="..\..\..\addons\ofxBox2dVanderlin\libs\Box2D\Dynamics\b2Fixture.h">
      <Filter>addons\ofxBox2dVanderlin\libs\Box2D\Dynamics</Filter>
    </ClInclude>
    <ClInclude Include="..\..\..\addons\ofxBox2dVanderlin\libs\Box2D\Dynamics\b2Island.h">
      <Filter>addons\ofxBox2dVanderlin\libs\Box2D\Dynamics</Filter>
    </ClInclude>
    <ClInclude Include="..\..\..\addons\ofxBox2dVanderlin\libs\Box2D\Dynamics\b2TimeStep.h">
      <Filter>addons\ofxBox2dVanderlin\libs\Box2D\Dynamics</Filter>
    </ClInclude>
    <ClInclude Include="..\..\..\addons\ofxBox2dVanderlin\libs\Box2D\Dynamics\b2World.h">
      <Filter>addons\ofxBox2dVanderlin\libs\Box2D\Dynamics</Filter>
    </ClInclude>
    <ClInclude Include="..\..\..\addons\ofxBox2dVanderlin\libs\Box2D\Dynamics\b2WorldCallbacks.h">
      <Filter>addons\ofxBox2dVanderlin\libs\Box2D\Dynamics</Filter>
    </ClInclude>
    <ClInclude Include="..\..\..\addons\ofxBox2dVanderlin\libs\Box2D\Dynamics\Contacts\b2CircleContact.h">
      <Filter>addons\ofxBox2dVanderlin\libs\Box2D\Dynamics\Contacts</Filter>
    </ClInclude>
    <ClInclude Include="..\..\..\addons\ofxBox2dVanderlin\libs\Box2D\Dynamics\Contacts\b2Contact.h">
      <Filter>addons\ofxBox2dVanderlin\libs\Box2D\Dynamics\Contacts</Filter>
    </ClInclude>
    <ClInclude Include="..\..\..\addons\ofxBox2dVanderlin\libs\Box2D\Dynamics\Contacts\b2ContactSolver.h">
      <Filter>addons\ofxBox2dVanderlin\libs\Box2D\Dynamics\Contacts</Filter>
    </ClInclude>
    <ClInclude Include="..\..\..\addons\ofxBox2dVanderlin\libs\Box2D\Dynamics\Contacts\b2PolygonAndCircleContact.h">
      <Filter>addons\ofxBox2dVanderlin\libs\Box2D\Dynamics\Contacts</Filter>
    </ClInclude>
    <ClInclude Include="..\..\..\addons\ofxBox2dVanderlin\libs\Box2D\Dynamics\Contacts\b2PolygonContact.h">
      <Filter>addons\ofxBox2dVanderlin\libs\Box2D\Dynamics\Contacts</Filter>
    </ClInclude>
    <ClInclude Include="..\..\..\addons\ofxBox2dVanderlin\libs\Box2D\Dynamics\Contacts\b2TOISolver.h">
      <Filter>addons\ofxBox2dVanderlin\libs\Box2D\Dynamics\Contacts</Filter>
    </ClInclude>
    <ClInclude Include="..\..\..\addons\ofxBox2dVanderlin\libs\Box2D\Dynamics\Joints\b2DistanceJoint.h">
      <Filter>addons\ofxBox2dVanderlin\libs\Box2D\Dynamics\Joints</Filter>
    </ClInclude>
    <ClInclude Include="..\..\..\addons\ofxBox2dVanderlin\libs\Box2D\Dynamics\Joints\b2FrictionJoint.h">
      <Filter>addons\ofxBox2dVanderlin\libs\Box2D\Dynamics\Joints</Filter>
    </ClInclude>
    <ClInclude Include="..\..\..\addons\ofxBox2dVanderlin\libs\Box2D\Dynamics\Joints\b2GearJoint.h">
      <Filter>addons\ofxBox2dVanderlin\libs\Box2D\Dynamics\Joints</Filter>
    </ClInclude>
    <ClInclude Include="..\..\..\addons\ofxBox2dVanderlin\libs\Box2D\Dynamics\Joints\b2Joint.h">
      <Filter>addons\ofxBox2dVanderlin\libs\Box2D\Dynamics\Joints</Filter>
    </ClInclude>
    <ClInclude Include="..\..\..\addons\ofxBox2dVanderlin\libs\Box2D\Dynamics\Joints\b2LineJoint.h">
      <Filter>addons\ofxBox2dVanderlin\libs\Box2D\Dynamics\Joints</Filter>
    </ClInclude>
    <ClInclude Include="..\..\..\addons\ofxBox2dVanderlin\libs\Box2D\Dynamics\Joints\b2MouseJoint.h">
      <Filter>addons\ofxBox2dVanderlin\libs\Box2D\Dynamics\Joints</Filter>
    </ClInclude>
    <ClInclude Include="..\..\..\addons\ofxBox2dVanderlin\libs\Box2D\Dynamics\Joints\b2PrismaticJoint.h">
      <Filter>addons\ofxBox2dVanderlin\libs\Box2D\Dynamics\Joints</Filter>
    </ClInclude>
    <ClInclude Include="..\..\..\addons\ofxBox2dVanderlin\libs\Box2D\Dynamics\Joints\b2PulleyJoint.h">
      <Filter>addons\ofxBox2dVanderlin\libs\Box2D\Dynamics\Joints</Filter>
    </ClInclude>
    <ClInclude Include="..\..\..\addons\ofxBox2dVanderlin\libs\Box2D\Dynamics\Joints\b2RevoluteJoint.h">
      <Filter>addons\ofxBox2dVanderlin\libs\Box2D\Dynamics\Joints</Filter>
    </ClInclude>
    <ClInclude Include="..\..\..\addons\ofxBox2dVanderlin\libs\Box2D\Dynamics\Joints\b2WeldJoint.h">
      <Filter>addons\ofxBox2dVanderlin\libs\Box2D\Dynamics\Joints</Filter>
    </ClInclude>
    <ClInclude Include="..\..\..\addons\ofxBox2dVanderlin\libs\triangle\assert.hpp">
      <Filter>addons\ofxBox2dVanderlin\libs\triangle</Filter>
    </ClInclude>
    <ClInclude Include="..\..\..\addons\ofxBox2dVanderlin\libs\triangle\del_interface.hpp">
      <Filter>addons\ofxBox2dVanderlin\libs\triangle</Filter>
    </ClInclude>
    <ClInclude Include="..\..\..\addons\ofxBox2dVanderlin\libs\triangle\dpoint.hpp">
      <Filter>addons\ofxBox2dVanderlin\libs\triangle</Filter>
    </ClInclude>
    <ClInclude Include="..\..\..\addons\ofxBox2dVanderlin\libs\triangle\triangle.h">
      <Filter>addons\ofxBox2dVanderlin\libs\triangle</Filter>
    </ClInclude>
    <ClInclude Include="..\..\..\addons\ofxBox2dVanderlin\libs\triangle\triangle_impl.hpp">
      <Filter>addons\ofxBox2dVanderlin\libs\triangle</Filter>
    </ClInclude>
    <ClInclude Include="..\..\..\addons\ofxcURL\libs\include\curl\curl.h">
      <Filter>addons\ofxcURL\libs\include\curl</Filter>
    </ClInclude>
    <ClInclude Include="..\..\..\addons\ofxcURL\libs\include\curl\curlbuild.h">
      <Filter>addons\ofxcURL\libs\include\curl</Filter>
    </ClInclude>
    <ClInclude Include="..\..\..\addons\ofxcURL\libs\include\curl\curlrules.h">
      <Filter>addons\ofxcURL\libs\include\curl</Filter>
    </ClInclude>
    <ClInclude Include="..\..\..\addons\ofxcURL\libs\include\curl\curlver.h">
      <Filter>addons\ofxcURL\libs\include\curl</Filter>
    </ClInclude>
    <ClInclude Include="..\..\..\addons\ofxcURL\libs\include\curl\easy.h">
      <Filter>addons\ofxcURL\libs\include\curl</Filter>
    </ClInclude>
    <ClInclude Include="..\..\..\addons\ofxcURL\libs\include\curl\mprintf.h">
      <Filter>addons\ofxcURL\libs\include\curl</Filter>
    </ClInclude>
    <ClInclude Include="..\..\..\addons\ofxcURL\libs\include\curl\multi.h">
      <Filter>addons\ofxcURL\libs\include\curl</Filter>
    </ClInclude>
    <ClInclude Include="..\..\..\addons\ofxcURL\libs\include\curl\stdcheaders.h">
      <Filter>addons\ofxcURL\libs\include\curl</Filter>
    </ClInclude>
    <ClInclude Include="..\..\..\addons\ofxcURL\libs\include\curl\typecheck-gcc.h">
      <Filter>addons\ofxcURL\libs\include\curl</Filter>
    </ClInclude>
    <ClInclude Include="..\..\..\addons\ofxJSON\src\ofxJSONElement.h">
      <Filter>addons\ofxJSON\src</Filter>
    </ClInclude>
    <ClInclude Include="..\..\..\addons\ofxJSON\libs\jsoncpp\include\json\autolink.h">
      <Filter>addons\ofxJSON\libs\jsoncpp\include\json</Filter>
    </ClInclude>
    <ClInclude Include="..\..\..\addons\ofxJSON\libs\jsoncpp\include\json\config.h">
      <Filter>addons\ofxJSON\libs\jsoncpp\include\json</Filter>
    </ClInclude>
    <ClInclude Include="..\..\..\addons\ofxJSON\libs\jsoncpp\include\json\features.h">
      <Filter>addons\ofxJSON\libs\jsoncpp\include\json</Filter>
    </ClInclude>
    <ClInclude Include="..\..\..\addons\ofxJSON\libs\jsoncpp\include\json\forwards.h">
      <Filter>addons\ofxJSON\libs\jsoncpp\include\json</Filter>
    </ClInclude>
    <ClInclude Include="..\..\..\addons\ofxJSON\libs\jsoncpp\include\json\json.h">
      <Filter>addons\ofxJSON\libs\jsoncpp\include\json</Filter>
    </ClInclude>
    <ClInclude Include="..\..\..\addons\ofxJSON\libs\jsoncpp\include\json\reader.h">
      <Filter>addons\ofxJSON\libs\jsoncpp\include\json</Filter>
    </ClInclude>
    <ClInclude Include="..\..\..\addons\ofxJSON\libs\jsoncpp\include\json\value.h">
      <Filter>addons\ofxJSON\libs\jsoncpp\include\json</Filter>
    </ClInclude>
    <ClInclude Include="..\..\..\addons\ofxJSON\libs\jsoncpp\include\json\writer.h">
      <Filter>addons\ofxJSON\libs\jsoncpp\include\json</Filter>
    </ClInclude>
    <ClInclude Include="..\..\..\addons\ofxJSON\libs\jsoncpp\src\json_batchallocator.h">
      <Filter>addons\ofxJSON\libs\jsoncpp\src</Filter>
    </ClInclude>
    <ClInclude Include="..\..\..\addons\ofxJSON\libs\jsoncpp\src\json_tool.h">
      <Filter>addons\ofxJSON\libs\jsoncpp\src</Filter>
    </ClInclude>
    <ClInclude Include="..\..\..\addons\ofxLibsndfile\libs\include\sndfile.h">
      <Filter>addons\ofxLibsndfile\libs\include</Filter>
    </ClInclude>
    <ClInclude Include="..\..\..\addons\ofxMessageBox\src\EaseRectBox.h">
      <Filter>addons\ofxMessageBox\src</Filter>
    </ClInclude>
    <ClInclude Include="..\..\..\addons\ofxMessageBox\src\ofxMessageBox.h">
      <Filter>addons\ofxMessageBox\src</Filter>
    </ClInclude>
    <ClInclude Include="..\..\..\addons\ofxMySQLConn\libs\include\cppconn\build_config.h">
      <Filter>addons\ofxMySQLConn\libs\include\cppconn</Filter>
    </ClInclude>
    <ClInclude Include="..\..\..\addons\ofxMySQLConn\libs\include\cppconn\config.h">
      <Filter>addons\ofxMySQLConn\libs\include\cppconn</Filter>
    </ClInclude>
    <ClInclude Include="..\..\..\addons\ofxMySQLConn\libs\include\cppconn\connection.h">
      <Filter>addons\ofxMySQLConn\libs\include\cppconn</Filter>
    </ClInclude>
    <ClInclude Include="..\..\..\addons\ofxMySQLConn\libs\include\cppconn\datatype.h">
      <Filter>addons\ofxMySQLConn\libs\include\cppconn</Filter>
    </ClInclude>
    <ClInclude Include="..\..\..\addons\ofxMySQLConn\libs\include\cppconn\driver.h">
      <Filter>addons\ofxMySQLConn\libs\include\cppconn</Filter>
    </ClInclude>
    <ClInclude Include="..\..\..\addons\ofxMySQLConn\libs\include\cppconn\exception.h">
      <Filter>addons\ofxMySQLConn\libs\include\cppconn</Filter>
    </ClInclude>
    <ClInclude Include="..\..\..\addons\ofxMySQLConn\libs\include\cppconn\metadata.h">
      <Filter>addons\ofxMySQLConn\libs\include\cppconn</Filter>
    </ClInclude>
    <ClInclude Include="..\..\..\addons\ofxMySQLConn\libs\include\cppconn\parameter_metadata.h">
      <Filter>addons\ofxMySQLConn\libs\include\cppconn</Filter>
    </ClInclude>
    <ClInclude Include="..\..\..\addons\ofxMySQLConn\libs\include\cppconn\prepared_statement.h">
      <Filter>addons\ofxMySQLConn\libs\include\cppconn</Filter>
    </ClInclude>
    <ClInclude Include="..\..\..\addons\ofxMySQLConn\libs\include\cppconn\resultset.h">
      <Filter>addons\ofxMySQLConn\libs\include\cppconn</Filter>
    </ClInclude>
    <ClInclude Include="..\..\..\addons\ofxMySQLConn\libs\include\cppconn\resultset_metadata.h">
      <Filter>addons\ofxMySQLConn\libs\include\cppconn</Filter>
    </ClInclude>
    <ClInclude Include="..\..\..\addons\ofxMySQLConn\libs\include\cppconn\sqlstring.h">
      <Filter>addons\ofxMySQLConn\libs\include\cppconn</Filter>
    </ClInclude>
    <ClInclude Include="..\..\..\addons\ofxMySQLConn\libs\include\cppconn\statement.h">
      <Filter>addons\ofxMySQLConn\libs\include\cppconn</Filter>
    </ClInclude>
    <ClInclude Include="..\..\..\addons\ofxMySQLConn\libs\include\cppconn\warning.h">
      <Filter>addons\ofxMySQLConn\libs\include\cppconn</Filter>
    </ClInclude>
    <ClInclude Include="..\..\..\addons\ofxMySQLConn\libs\include\mysql_connection.h">
      <Filter>addons\ofxMySQLConn\libs\include</Filter>
    </ClInclude>
    <ClInclude Include="..\..\..\addons\ofxMySQLConn\libs\include\mysql_driver.h">
      <Filter>addons\ofxMySQLConn\libs\include</Filter>
    </ClInclude>
    <ClInclude Include="..\..\..\addons\ofxMySQLConn\libs\include\mysql_error.h">
      <Filter>addons\ofxMySQLConn\libs\include</Filter>
    </ClInclude>
    <ClInclude Include="..\..\..\addons\ofxUI\src\ofxUI.h">
      <Filter>addons\ofxUI\src</Filter>
    </ClInclude>
    <ClInclude Include="..\..\..\addons\ofxUI\src\ofxUI2DGraph.h">
      <Filter>addons\ofxUI\src</Filter>
    </ClInclude>
    <ClInclude Include="..\..\..\addons\ofxUI\src\ofxUI2DPad.h">
      <Filter>addons\ofxUI\src</Filter>
    </ClInclude>
    <ClInclude Include="..\..\..\addons\ofxUI\src\ofxUIBaseDraws.h">
      <Filter>addons\ofxUI\src</Filter>
    </ClInclude>
    <ClInclude Include="..\..\..\addons\ofxUI\src\ofxUIBiLabelSlider.h">
      <Filter>addons\ofxUI\src</Filter>
    </ClInclude>
    <ClInclude Include="..\..\..\addons\ofxUI\src\ofxUIButton.h">
      <Filter>addons\ofxUI\src</Filter>
    </ClInclude>
    <ClInclude Include="..\..\..\addons\ofxUI\src\ofxUICanvas.h">
      <Filter>addons\ofxUI\src</Filter>
    </ClInclude>
    <ClInclude Include="..\..\..\addons\ofxUI\src\ofxUICircleSlider.h">
      <Filter>addons\ofxUI\src</Filter>
    </ClInclude>
    <ClInclude Include="..\..\..\addons\ofxUI\src\ofxUICustomImageButton.h">
      <Filter>addons\ofxUI\src</Filter>
    </ClInclude>
    <ClInclude Include="..\..\..\addons\ofxUI\src\ofxUIDropDownList.h">
      <Filter>addons\ofxUI\src</Filter>
    </ClInclude>
    <ClInclude Include="..\..\..\addons\ofxUI\src\ofxUIEventArgs.h">
      <Filter>addons\ofxUI\src</Filter>
    </ClInclude>
    <ClInclude Include="..\..\..\addons\ofxUI\src\ofxUIFPS.h">
      <Filter>addons\ofxUI\src</Filter>
    </ClInclude>
    <ClInclude Include="..\..\..\addons\ofxUI\src\ofxUIFPSSlider.h">
      <Filter>addons\ofxUI\src</Filter>
    </ClInclude>
    <ClInclude Include="..\..\..\addons\ofxUI\src\ofxUIImage.h">
      <Filter>addons\ofxUI\src</Filter>
    </ClInclude>
    <ClInclude Include="..\..\..\addons\ofxUI\src\ofxUIImageButton.h">
      <Filter>addons\ofxUI\src</Filter>
    </ClInclude>
    <ClInclude Include="..\..\..\addons\ofxUI\src\ofxUIImageSampler.h">
      <Filter>addons\ofxUI\src</Filter>
    </ClInclude>
    <ClInclude Include="..\..\..\addons\ofxUI\src\ofxUIImageSlider.h">
      <Filter>addons\ofxUI\src</Filter>
    </ClInclude>
    <ClInclude Include="..\..\..\addons\ofxUI\src\ofxUIImageToggle.h">
      <Filter>addons\ofxUI\src</Filter>
    </ClInclude>
    <ClInclude Include="..\..\..\addons\ofxUI\src\ofxUILabel.h">
      <Filter>addons\ofxUI\src</Filter>
    </ClInclude>
    <ClInclude Include="..\..\..\addons\ofxUI\src\ofxUILabelButton.h">
      <Filter>addons\ofxUI\src</Filter>
    </ClInclude>
    <ClInclude Include="..\..\..\addons\ofxUI\src\ofxUILabelToggle.h">
      <Filter>addons\ofxUI\src</Filter>
    </ClInclude>
    <ClInclude Include="..\..\..\addons\ofxUI\src\ofxUIMinimalSlider.h">
      <Filter>addons\ofxUI\src</Filter>
    </ClInclude>
    <ClInclude Include="..\..\..\addons\ofxUI\src\ofxUIMovingGraph.h">
      <Filter>addons\ofxUI\src</Filter>
    </ClInclude>
    <ClInclude Include="..\..\..\addons\ofxUI\src\ofxUIMultiImageButton.h">
      <Filter>addons\ofxUI\src</Filter>
    </ClInclude>
    <ClInclude Include="..\..\..\addons\ofxUI\src\ofxUIMultiImageSlider.h">
      <Filter>addons\ofxUI\src</Filter>
    </ClInclude>
    <ClInclude Include="..\..\..\addons\ofxUI\src\ofxUIMultiImageToggle.h">
      <Filter>addons\ofxUI\src</Filter>
    </ClInclude>
    <ClInclude Include="..\..\..\addons\ofxUI\src\ofxUINumberDialer.h">
      <Filter>addons\ofxUI\src</Filter>
    </ClInclude>
    <ClInclude Include="..\..\..\addons\ofxUI\src\ofxUIOFWrapper.h">
      <Filter>addons\ofxUI\src</Filter>
    </ClInclude>
    <ClInclude Include="..\..\..\addons\ofxUI\src\ofxUIRadio.h">
      <Filter>addons\ofxUI\src</Filter>
    </ClInclude>
    <ClInclude Include="..\..\..\addons\ofxUI\src\ofxUIRangeSlider.h">
      <Filter>addons\ofxUI\src</Filter>
    </ClInclude>
    <ClInclude Include="..\..\..\addons\ofxUI\src\ofxUIRectangle.h">
      <Filter>addons\ofxUI\src</Filter>
    </ClInclude>
    <ClInclude Include="..\..\..\addons\ofxUI\src\ofxUIRotarySlider.h">
      <Filter>addons\ofxUI\src</Filter>
    </ClInclude>
    <ClInclude Include="..\..\..\addons\ofxUI\src\ofxUIScrollableCanvas.h">
      <Filter>addons\ofxUI\src</Filter>
    </ClInclude>
    <ClInclude Include="..\..\..\addons\ofxUI\src\ofxUISlider.h">
      <Filter>addons\ofxUI\src</Filter>
    </ClInclude>
    <ClInclude Include="..\..\..\addons\ofxUI\src\ofxUISpacer.h">
      <Filter>addons\ofxUI\src</Filter>
    </ClInclude>
    <ClInclude Include="..\..\..\addons\ofxUI\src\ofxUISpectrum.h">
      <Filter>addons\ofxUI\src</Filter>
    </ClInclude>
    <ClInclude Include="..\..\..\addons\ofxUI\src\ofxUISuperCanvas.h">
      <Filter>addons\ofxUI\src</Filter>
    </ClInclude>
    <ClInclude Include="..\..\..\addons\ofxUI\src\ofxUITabBar.h">
      <Filter>addons\ofxUI\src</Filter>
    </ClInclude>
    <ClInclude Include="..\..\..\addons\ofxUI\src\ofxUITextArea.h">
      <Filter>addons\ofxUI\src</Filter>
    </ClInclude>
    <ClInclude Include="..\..\..\addons\ofxUI\src\ofxUITextInput.h">
      <Filter>addons\ofxUI\src</Filter>
    </ClInclude>
    <ClInclude Include="..\..\..\addons\ofxUI\src\ofxUIToggle.h">
      <Filter>addons\ofxUI\src</Filter>
    </ClInclude>
    <ClInclude Include="..\..\..\addons\ofxUI\src\ofxUIToggleMatrix.h">
      <Filter>addons\ofxUI\src</Filter>
    </ClInclude>
    <ClInclude Include="..\..\..\addons\ofxUI\src\ofxUIUtils.h">
      <Filter>addons\ofxUI\src</Filter>
    </ClInclude>
    <ClInclude Include="..\..\..\addons\ofxUI\src\ofxUIValuePlotter.h">
      <Filter>addons\ofxUI\src</Filter>
    </ClInclude>
    <ClInclude Include="..\..\..\addons\ofxUI\src\ofxUIWaveform.h">
      <Filter>addons\ofxUI\src</Filter>
    </ClInclude>
    <ClInclude Include="..\..\..\addons\ofxUI\src\ofxUIWidget.h">
      <Filter>addons\ofxUI\src</Filter>
    </ClInclude>
    <ClInclude Include="..\..\..\addons\ofxUI\src\ofxUIWidgetWithLabel.h">
      <Filter>addons\ofxUI\src</Filter>
    </ClInclude>
    <ClInclude Include="..\..\..\addons\ofxSpine\src\ofxSkeleton.h">
      <Filter>addons\ofxSpine\src</Filter>
    </ClInclude>
    <ClInclude Include="..\..\..\addons\ofxSpine\src\ofxSpine.h">
      <Filter>addons\ofxSpine\src</Filter>
    </ClInclude>
    <ClInclude Include="..\..\..\addons\ofxSpine\libs\spine-c\include\Json.h">
      <Filter>addons\ofxSpine\libs\spine-c\include</Filter>
    </ClInclude>
    <ClInclude Include="..\..\..\addons\ofxSpine\libs\spine-c\include\spine\Animation.h">
      <Filter>addons\ofxSpine\libs\spine-c\include\spine</Filter>
    </ClInclude>
    <ClInclude Include="..\..\..\addons\ofxSpine\libs\spine-c\include\spine\AnimationState.h">
      <Filter>addons\ofxSpine\libs\spine-c\include\spine</Filter>
    </ClInclude>
    <ClInclude Include="..\..\..\addons\ofxSpine\libs\spine-c\include\spine\AnimationStateData.h">
      <Filter>addons\ofxSpine\libs\spine-c\include\spine</Filter>
    </ClInclude>
    <ClInclude Include="..\..\..\addons\ofxSpine\libs\spine-c\include\spine\Atlas.h">
      <Filter>addons\ofxSpine\libs\spine-c\include\spine</Filter>
    </ClInclude>
    <ClInclude Include="..\..\..\addons\ofxSpine\libs\spine-c\include\spine\AtlasAttachmentLoader.h">
      <Filter>addons\ofxSpine\libs\spine-c\include\spine</Filter>
    </ClInclude>
    <ClInclude Include="..\..\..\addons\ofxSpine\libs\spine-c\include\spine\Attachment.h">
      <Filter>addons\ofxSpine\libs\spine-c\include\spine</Filter>
    </ClInclude>
    <ClInclude Include="..\..\..\addons\ofxSpine\libs\spine-c\include\spine\AttachmentLoader.h">
      <Filter>addons\ofxSpine\libs\spine-c\include\spine</Filter>
    </ClInclude>
    <ClInclude Include="..\..\..\addons\ofxSpine\libs\spine-c\include\spine\Bone.h">
      <Filter>addons\ofxSpine\libs\spine-c\include\spine</Filter>
    </ClInclude>
    <ClInclude Include="..\..\..\addons\ofxSpine\libs\spine-c\include\spine\BoneData.h">
      <Filter>addons\ofxSpine\libs\spine-c\include\spine</Filter>
    </ClInclude>
    <ClInclude Include="..\..\..\addons\ofxSpine\libs\spine-c\include\spine\extension.h">
      <Filter>addons\ofxSpine\libs\spine-c\include\spine</Filter>
    </ClInclude>
    <ClInclude Include="..\..\..\addons\ofxSpine\libs\spine-c\include\spine\RegionAttachment.h">
      <Filter>addons\ofxSpine\libs\spine-c\include\spine</Filter>
    </ClInclude>
    <ClInclude Include="..\..\..\addons\ofxSpine\libs\spine-c\include\spine\Skeleton.h">
      <Filter>addons\ofxSpine\libs\spine-c\include\spine</Filter>
    </ClInclude>
    <ClInclude Include="..\..\..\addons\ofxSpine\libs\spine-c\include\spine\SkeletonData.h">
      <Filter>addons\ofxSpine\libs\spine-c\include\spine</Filter>
    </ClInclude>
    <ClInclude Include="..\..\..\addons\ofxSpine\libs\spine-c\include\spine\SkeletonJson.h">
      <Filter>addons\ofxSpine\libs\spine-c\include\spine</Filter>
    </ClInclude>
    <ClInclude Include="..\..\..\addons\ofxSpine\libs\spine-c\include\spine\Skin.h">
      <Filter>addons\ofxSpine\libs\spine-c\include\spine</Filter>
    </ClInclude>
    <ClInclude Include="..\..\..\addons\ofxSpine\libs\spine-c\include\spine\Slot.h">
      <Filter>addons\ofxSpine\libs\spine-c\include\spine</Filter>
    </ClInclude>
    <ClInclude Include="..\..\..\addons\ofxSpine\libs\spine-c\include\spine\SlotData.h">
      <Filter>addons\ofxSpine\libs\spine-c\include\spine</Filter>
    </ClInclude>
    <ClInclude Include="..\..\..\addons\ofxSpine\libs\spine-c\include\spine\spine.h">
      <Filter>addons\ofxSpine\libs\spine-c\include\spine</Filter>
    </ClInclude>
    <ClInclude Include="src\Player.h">
      <Filter>src</Filter>
    </ClInclude>
  </ItemGroup>
  <ItemGroup>
    <ResourceCompile Include="icon.rc" />
  </ItemGroup>
</Project>